
Microsoft Visual Studio Solution File, Format Version 12.00
# Visual Studio 15
VisualStudioVersion = 15.0.26403.7
MinimumVisualStudioVersion = 10.0.40219.1
Project("{9A19103F-16F7-4668-BE54-9A1E7A4F7556}") = "ServiceBase", "src\ServiceBase\ServiceBase.csproj", "{DAE80583-3053-430E-A85F-31E6C8D4EDF4}"
EndProject
Project("{9A19103F-16F7-4668-BE54-9A1E7A4F7556}") = "ServiceBase.Notification.SendGrid", "src\ServiceBase.Notification.SendGrid\ServiceBase.Notification.SendGrid.csproj", "{6C1C0578-A1B0-4D6F-82D0-A31D40E81AD0}"
EndProject
Project("{9A19103F-16F7-4668-BE54-9A1E7A4F7556}") = "ServiceBase.Notification.Smtp", "src\ServiceBase.Notification.Smtp\ServiceBase.Notification.Smtp.csproj", "{E85875DD-F958-4526-ABA7-8D124A1C8DE2}"
EndProject
Project("{9A19103F-16F7-4668-BE54-9A1E7A4F7556}") = "ServiceBase.Notification.Twilio", "src\ServiceBase.Notification.Twilio\ServiceBase.Notification.Twilio.csproj", "{2374E22B-1F8F-4134-9F95-1B83A76EC229}"
EndProject
Project("{2150E333-8FDC-42A3-9474-1A3956D46DE8}") = "src", "src", "{7DCFFD6C-8F72-409F-85B2-982726F3F2F3}"
EndProject
Project("{2150E333-8FDC-42A3-9474-1A3956D46DE8}") = "test", "test", "{E403DD45-1D53-4580-8BFC-74D6AF935321}"
EndProject
Project("{9A19103F-16F7-4668-BE54-9A1E7A4F7556}") = "ServiceBase.UnitTests", "test\ServiceBase.UnitTests\ServiceBase.UnitTests.csproj", "{243EAC3B-E697-4767-8485-01AF6FE96759}"
EndProject
Project("{2150E333-8FDC-42A3-9474-1A3956D46DE8}") = "Solution Items", "Solution Items", "{8823392C-6DDF-4145-9560-F11E6798F6F6}"
	ProjectSection(SolutionItems) = preProject
		.gitignore = .gitignore
		.travis.yml = .travis.yml
		appveyor.yml = appveyor.yml
		build.sh = build.sh
		CONTRIBUTING.md = CONTRIBUTING.md
		coverage.sh = coverage.sh
		coveralls.sh = coveralls.sh
		LICENSE.md = LICENSE.md
		NuGet.Config = NuGet.Config
		pack.sh = pack.sh
		README.md = README.md
	EndProjectSection
EndProject
Project("{9A19103F-16F7-4668-BE54-9A1E7A4F7556}") = "ServiceBase.Events.RabbitMQ", "src\ServiceBase.Events.RabbitMQ\ServiceBase.Events.RabbitMQ.csproj", "{488AF66E-FD16-46EE-9885-B47B03D2B747}"
EndProject
Global
	GlobalSection(SolutionConfigurationPlatforms) = preSolution
		Debug|Any CPU = Debug|Any CPU
		Release|Any CPU = Release|Any CPU
	EndGlobalSection
	GlobalSection(ProjectConfigurationPlatforms) = postSolution
		{DAE80583-3053-430E-A85F-31E6C8D4EDF4}.Debug|Any CPU.ActiveCfg = Debug|Any CPU
		{DAE80583-3053-430E-A85F-31E6C8D4EDF4}.Debug|Any CPU.Build.0 = Debug|Any CPU
		{DAE80583-3053-430E-A85F-31E6C8D4EDF4}.Release|Any CPU.ActiveCfg = Release|Any CPU
		{DAE80583-3053-430E-A85F-31E6C8D4EDF4}.Release|Any CPU.Build.0 = Release|Any CPU
		{6C1C0578-A1B0-4D6F-82D0-A31D40E81AD0}.Debug|Any CPU.ActiveCfg = Debug|Any CPU
		{6C1C0578-A1B0-4D6F-82D0-A31D40E81AD0}.Debug|Any CPU.Build.0 = Debug|Any CPU
		{6C1C0578-A1B0-4D6F-82D0-A31D40E81AD0}.Release|Any CPU.ActiveCfg = Release|Any CPU
		{6C1C0578-A1B0-4D6F-82D0-A31D40E81AD0}.Release|Any CPU.Build.0 = Release|Any CPU
		{E85875DD-F958-4526-ABA7-8D124A1C8DE2}.Debug|Any CPU.ActiveCfg = Debug|Any CPU
		{E85875DD-F958-4526-ABA7-8D124A1C8DE2}.Debug|Any CPU.Build.0 = Debug|Any CPU
		{E85875DD-F958-4526-ABA7-8D124A1C8DE2}.Release|Any CPU.ActiveCfg = Release|Any CPU
		{E85875DD-F958-4526-ABA7-8D124A1C8DE2}.Release|Any CPU.Build.0 = Release|Any CPU
		{2374E22B-1F8F-4134-9F95-1B83A76EC229}.Debug|Any CPU.ActiveCfg = Debug|Any CPU
		{2374E22B-1F8F-4134-9F95-1B83A76EC229}.Debug|Any CPU.Build.0 = Debug|Any CPU
		{2374E22B-1F8F-4134-9F95-1B83A76EC229}.Release|Any CPU.ActiveCfg = Release|Any CPU
		{2374E22B-1F8F-4134-9F95-1B83A76EC229}.Release|Any CPU.Build.0 = Release|Any CPU
		{243EAC3B-E697-4767-8485-01AF6FE96759}.Debug|Any CPU.ActiveCfg = Debug|Any CPU
		{243EAC3B-E697-4767-8485-01AF6FE96759}.Debug|Any CPU.Build.0 = Debug|Any CPU
		{243EAC3B-E697-4767-8485-01AF6FE96759}.Release|Any CPU.ActiveCfg = Release|Any CPU
		{243EAC3B-E697-4767-8485-01AF6FE96759}.Release|Any CPU.Build.0 = Release|Any CPU
		{488AF66E-FD16-46EE-9885-B47B03D2B747}.Debug|Any CPU.ActiveCfg = Debug|Any CPU
		{488AF66E-FD16-46EE-9885-B47B03D2B747}.Debug|Any CPU.Build.0 = Debug|Any CPU
		{488AF66E-FD16-46EE-9885-B47B03D2B747}.Release|Any CPU.ActiveCfg = Release|Any CPU
		{488AF66E-FD16-46EE-9885-B47B03D2B747}.Release|Any CPU.Build.0 = Release|Any CPU
	EndGlobalSection
	GlobalSection(SolutionProperties) = preSolution
		HideSolutionNode = FALSE
	EndGlobalSection
	GlobalSection(NestedProjects) = preSolution
		{DAE80583-3053-430E-A85F-31E6C8D4EDF4} = {7DCFFD6C-8F72-409F-85B2-982726F3F2F3}
		{6C1C0578-A1B0-4D6F-82D0-A31D40E81AD0} = {7DCFFD6C-8F72-409F-85B2-982726F3F2F3}
		{E85875DD-F958-4526-ABA7-8D124A1C8DE2} = {7DCFFD6C-8F72-409F-85B2-982726F3F2F3}
		{2374E22B-1F8F-4134-9F95-1B83A76EC229} = {7DCFFD6C-8F72-409F-85B2-982726F3F2F3}
		{243EAC3B-E697-4767-8485-01AF6FE96759} = {E403DD45-1D53-4580-8BFC-74D6AF935321}
		{488AF66E-FD16-46EE-9885-B47B03D2B747} = {7DCFFD6C-8F72-409F-85B2-982726F3F2F3}
	EndGlobalSection
EndGlobal
