
Microsoft Visual Studio Solution File, Format Version 12.00
# Visual Studio 15
VisualStudioVersion = 15.0.27130.2027
MinimumVisualStudioVersion = 10.0.40219.1
Project("{9A19103F-16F7-4668-BE54-9A1E7A4F7556}") = "ServiceBase", "src\ServiceBase\ServiceBase.csproj", "{DAE80583-3053-430E-A85F-31E6C8D4EDF4}"
EndProject
Project("{9A19103F-16F7-4668-BE54-9A1E7A4F7556}") = "ServiceBase.Notification.SendGrid", "src\ServiceBase.Notification.SendGrid\ServiceBase.Notification.SendGrid.csproj", "{6C1C0578-A1B0-4D6F-82D0-A31D40E81AD0}"
EndProject
Project("{9A19103F-16F7-4668-BE54-9A1E7A4F7556}") = "ServiceBase.Notification.Smtp", "src\ServiceBase.Notification.Smtp\ServiceBase.Notification.Smtp.csproj", "{E85875DD-F958-4526-ABA7-8D124A1C8DE2}"
EndProject
Project("{9A19103F-16F7-4668-BE54-9A1E7A4F7556}") = "ServiceBase.Notification.Twilio", "src\ServiceBase.Notification.Twilio\ServiceBase.Notification.Twilio.csproj", "{2374E22B-1F8F-4134-9F95-1B83A76EC229}"
EndProject
Project("{2150E333-8FDC-42A3-9474-1A3956D46DE8}") = "src", "src", "{7DCFFD6C-8F72-409F-85B2-982726F3F2F3}"
EndProject
Project("{2150E333-8FDC-42A3-9474-1A3956D46DE8}") = "test", "test", "{E403DD45-1D53-4580-8BFC-74D6AF935321}"
EndProject
Project("{9A19103F-16F7-4668-BE54-9A1E7A4F7556}") = "ServiceBase.UnitTests", "test\ServiceBase.UnitTests\ServiceBase.UnitTests.csproj", "{243EAC3B-E697-4767-8485-01AF6FE96759}"
EndProject
Project("{2150E333-8FDC-42A3-9474-1A3956D46DE8}") = "Solution Items", "Solution Items", "{8823392C-6DDF-4145-9560-F11E6798F6F6}"
	ProjectSection(SolutionItems) = preProject
		.gitignore = .gitignore
		.travis.yml = .travis.yml
		appveyor.yml = appveyor.yml
		CONTRIBUTING.md = CONTRIBUTING.md
		coverage.sh = coverage.sh
		coveralls.sh = coveralls.sh
		LICENSE.md = LICENSE.md
		NuGet.Config = NuGet.Config
		README.md = README.md
		updeps.sh = updeps.sh
	EndProjectSection
EndProject
Project("{9A19103F-16F7-4668-BE54-9A1E7A4F7556}") = "ServiceBase.Events.RabbitMQ", "src\ServiceBase.Events.RabbitMQ\ServiceBase.Events.RabbitMQ.csproj", "{488AF66E-FD16-46EE-9885-B47B03D2B747}"
EndProject
Project("{9A19103F-16F7-4668-BE54-9A1E7A4F7556}") = "ServiceBase.Notification.Plivo", "src\ServiceBase.Notification.Plivo\ServiceBase.Notification.Plivo.csproj", "{F7613D65-64B1-4298-9CE4-33E1887CD9DB}"
EndProject
Project("{9A19103F-16F7-4668-BE54-9A1E7A4F7556}") = "ServiceBase.Mvc", "src\ServiceBase.Mvc\ServiceBase.Mvc.csproj", "{823D516F-B9C6-4F67-B7B7-7DFB2450593D}"
EndProject
Project("{2150E333-8FDC-42A3-9474-1A3956D46DE8}") = "Events", "Events", "{855D40B6-8DC0-4C32-A16A-33643A168514}"
EndProject
Project("{2150E333-8FDC-42A3-9474-1A3956D46DE8}") = "Notifications", "Notifications", "{8C523FD3-9E35-411C-90E3-F4538D13A6B5}"
EndProject
Project("{2150E333-8FDC-42A3-9474-1A3956D46DE8}") = "examples", "examples", "{08F508D9-E8A7-449F-B34E-3BA6AE4F126D}"
EndProject
Project("{2150E333-8FDC-42A3-9474-1A3956D46DE8}") = "Plugins", "Plugins", "{ACD07390-3869-4493-9B85-9EDD07DC1D4B}"
EndProject
Project("{9A19103F-16F7-4668-BE54-9A1E7A4F7556}") = "Shared", "examples\Plugins\Shared\Shared.csproj", "{0FC7FC94-93EA-4213-BF29-46F3FC681E38}"
EndProject
Project("{9A19103F-16F7-4668-BE54-9A1E7A4F7556}") = "PluginA", "examples\Plugins\WebHost\Plugins\PluginA\PluginA.csproj", "{56C48E7D-7E45-4B0F-B8C0-A41EDBFF9513}"
EndProject
Project("{9A19103F-16F7-4668-BE54-9A1E7A4F7556}") = "PluginB", "examples\Plugins\WebHost\Plugins\PluginB\PluginB.csproj", "{703ACF5F-078D-4DFB-9BDE-41EF75D7B132}"
EndProject
Project("{9A19103F-16F7-4668-BE54-9A1E7A4F7556}") = "ThemeA", "examples\Plugins\WebHost\Plugins\ThemeA\ThemeA.csproj", "{57185514-34FD-4D7E-AC17-ABE86AB1BC4D}"
EndProject
Project("{FAE04EC0-301F-11D3-BF4B-00C04F79EFBC}") = "WebHost", "examples\Plugins\WebHost\WebHost.csproj", "{482BBD2B-E4B8-4523-BF5C-CB55AE314CB6}"
EndProject
Global
	GlobalSection(SolutionConfigurationPlatforms) = preSolution
		Debug|Any CPU = Debug|Any CPU
		Release|Any CPU = Release|Any CPU
	EndGlobalSection
	GlobalSection(ProjectConfigurationPlatforms) = postSolution
		{DAE80583-3053-430E-A85F-31E6C8D4EDF4}.Debug|Any CPU.ActiveCfg = Debug|Any CPU
		{DAE80583-3053-430E-A85F-31E6C8D4EDF4}.Debug|Any CPU.Build.0 = Debug|Any CPU
		{DAE80583-3053-430E-A85F-31E6C8D4EDF4}.Release|Any CPU.ActiveCfg = Release|Any CPU
		{DAE80583-3053-430E-A85F-31E6C8D4EDF4}.Release|Any CPU.Build.0 = Release|Any CPU
		{6C1C0578-A1B0-4D6F-82D0-A31D40E81AD0}.Debug|Any CPU.ActiveCfg = Debug|Any CPU
		{6C1C0578-A1B0-4D6F-82D0-A31D40E81AD0}.Debug|Any CPU.Build.0 = Debug|Any CPU
		{6C1C0578-A1B0-4D6F-82D0-A31D40E81AD0}.Release|Any CPU.ActiveCfg = Release|Any CPU
		{6C1C0578-A1B0-4D6F-82D0-A31D40E81AD0}.Release|Any CPU.Build.0 = Release|Any CPU
		{E85875DD-F958-4526-ABA7-8D124A1C8DE2}.Debug|Any CPU.ActiveCfg = Debug|Any CPU
		{E85875DD-F958-4526-ABA7-8D124A1C8DE2}.Debug|Any CPU.Build.0 = Debug|Any CPU
		{E85875DD-F958-4526-ABA7-8D124A1C8DE2}.Release|Any CPU.ActiveCfg = Release|Any CPU
		{E85875DD-F958-4526-ABA7-8D124A1C8DE2}.Release|Any CPU.Build.0 = Release|Any CPU
		{2374E22B-1F8F-4134-9F95-1B83A76EC229}.Debug|Any CPU.ActiveCfg = Debug|Any CPU
		{2374E22B-1F8F-4134-9F95-1B83A76EC229}.Debug|Any CPU.Build.0 = Debug|Any CPU
		{2374E22B-1F8F-4134-9F95-1B83A76EC229}.Release|Any CPU.ActiveCfg = Release|Any CPU
		{2374E22B-1F8F-4134-9F95-1B83A76EC229}.Release|Any CPU.Build.0 = Release|Any CPU
		{243EAC3B-E697-4767-8485-01AF6FE96759}.Debug|Any CPU.ActiveCfg = Debug|Any CPU
		{243EAC3B-E697-4767-8485-01AF6FE96759}.Debug|Any CPU.Build.0 = Debug|Any CPU
		{243EAC3B-E697-4767-8485-01AF6FE96759}.Release|Any CPU.ActiveCfg = Release|Any CPU
		{243EAC3B-E697-4767-8485-01AF6FE96759}.Release|Any CPU.Build.0 = Release|Any CPU
		{488AF66E-FD16-46EE-9885-B47B03D2B747}.Debug|Any CPU.ActiveCfg = Debug|Any CPU
		{488AF66E-FD16-46EE-9885-B47B03D2B747}.Debug|Any CPU.Build.0 = Debug|Any CPU
		{488AF66E-FD16-46EE-9885-B47B03D2B747}.Release|Any CPU.ActiveCfg = Release|Any CPU
		{488AF66E-FD16-46EE-9885-B47B03D2B747}.Release|Any CPU.Build.0 = Release|Any CPU
		{F7613D65-64B1-4298-9CE4-33E1887CD9DB}.Debug|Any CPU.ActiveCfg = Debug|Any CPU
		{F7613D65-64B1-4298-9CE4-33E1887CD9DB}.Debug|Any CPU.Build.0 = Debug|Any CPU
		{F7613D65-64B1-4298-9CE4-33E1887CD9DB}.Release|Any CPU.ActiveCfg = Release|Any CPU
		{F7613D65-64B1-4298-9CE4-33E1887CD9DB}.Release|Any CPU.Build.0 = Release|Any CPU
		{823D516F-B9C6-4F67-B7B7-7DFB2450593D}.Debug|Any CPU.ActiveCfg = Debug|Any CPU
		{823D516F-B9C6-4F67-B7B7-7DFB2450593D}.Debug|Any CPU.Build.0 = Debug|Any CPU
		{823D516F-B9C6-4F67-B7B7-7DFB2450593D}.Release|Any CPU.ActiveCfg = Release|Any CPU
		{823D516F-B9C6-4F67-B7B7-7DFB2450593D}.Release|Any CPU.Build.0 = Release|Any CPU
		{0FC7FC94-93EA-4213-BF29-46F3FC681E38}.Debug|Any CPU.ActiveCfg = Debug|Any CPU
		{0FC7FC94-93EA-4213-BF29-46F3FC681E38}.Debug|Any CPU.Build.0 = Debug|Any CPU
		{0FC7FC94-93EA-4213-BF29-46F3FC681E38}.Release|Any CPU.ActiveCfg = Release|Any CPU
		{0FC7FC94-93EA-4213-BF29-46F3FC681E38}.Release|Any CPU.Build.0 = Release|Any CPU
		{56C48E7D-7E45-4B0F-B8C0-A41EDBFF9513}.Debug|Any CPU.ActiveCfg = Debug|Any CPU
		{56C48E7D-7E45-4B0F-B8C0-A41EDBFF9513}.Debug|Any CPU.Build.0 = Debug|Any CPU
		{56C48E7D-7E45-4B0F-B8C0-A41EDBFF9513}.Release|Any CPU.ActiveCfg = Release|Any CPU
		{56C48E7D-7E45-4B0F-B8C0-A41EDBFF9513}.Release|Any CPU.Build.0 = Release|Any CPU
		{703ACF5F-078D-4DFB-9BDE-41EF75D7B132}.Debug|Any CPU.ActiveCfg = Debug|Any CPU
		{703ACF5F-078D-4DFB-9BDE-41EF75D7B132}.Debug|Any CPU.Build.0 = Debug|Any CPU
		{703ACF5F-078D-4DFB-9BDE-41EF75D7B132}.Release|Any CPU.ActiveCfg = Release|Any CPU
		{703ACF5F-078D-4DFB-9BDE-41EF75D7B132}.Release|Any CPU.Build.0 = Release|Any CPU
		{57185514-34FD-4D7E-AC17-ABE86AB1BC4D}.Debug|Any CPU.ActiveCfg = Debug|Any CPU
		{57185514-34FD-4D7E-AC17-ABE86AB1BC4D}.Debug|Any CPU.Build.0 = Debug|Any CPU
		{57185514-34FD-4D7E-AC17-ABE86AB1BC4D}.Release|Any CPU.ActiveCfg = Release|Any CPU
		{57185514-34FD-4D7E-AC17-ABE86AB1BC4D}.Release|Any CPU.Build.0 = Release|Any CPU
		{482BBD2B-E4B8-4523-BF5C-CB55AE314CB6}.Debug|Any CPU.ActiveCfg = Debug|Any CPU
		{482BBD2B-E4B8-4523-BF5C-CB55AE314CB6}.Debug|Any CPU.Build.0 = Debug|Any CPU
		{482BBD2B-E4B8-4523-BF5C-CB55AE314CB6}.Release|Any CPU.ActiveCfg = Release|Any CPU
		{482BBD2B-E4B8-4523-BF5C-CB55AE314CB6}.Release|Any CPU.Build.0 = Release|Any CPU
	EndGlobalSection
	GlobalSection(SolutionProperties) = preSolution
		HideSolutionNode = FALSE
	EndGlobalSection
	GlobalSection(NestedProjects) = preSolution
		{DAE80583-3053-430E-A85F-31E6C8D4EDF4} = {7DCFFD6C-8F72-409F-85B2-982726F3F2F3}
		{6C1C0578-A1B0-4D6F-82D0-A31D40E81AD0} = {8C523FD3-9E35-411C-90E3-F4538D13A6B5}
		{E85875DD-F958-4526-ABA7-8D124A1C8DE2} = {8C523FD3-9E35-411C-90E3-F4538D13A6B5}
		{2374E22B-1F8F-4134-9F95-1B83A76EC229} = {8C523FD3-9E35-411C-90E3-F4538D13A6B5}
		{243EAC3B-E697-4767-8485-01AF6FE96759} = {E403DD45-1D53-4580-8BFC-74D6AF935321}
		{488AF66E-FD16-46EE-9885-B47B03D2B747} = {855D40B6-8DC0-4C32-A16A-33643A168514}
		{F7613D65-64B1-4298-9CE4-33E1887CD9DB} = {8C523FD3-9E35-411C-90E3-F4538D13A6B5}
		{823D516F-B9C6-4F67-B7B7-7DFB2450593D} = {7DCFFD6C-8F72-409F-85B2-982726F3F2F3}
		{855D40B6-8DC0-4C32-A16A-33643A168514} = {7DCFFD6C-8F72-409F-85B2-982726F3F2F3}
		{8C523FD3-9E35-411C-90E3-F4538D13A6B5} = {7DCFFD6C-8F72-409F-85B2-982726F3F2F3}
		{ACD07390-3869-4493-9B85-9EDD07DC1D4B} = {08F508D9-E8A7-449F-B34E-3BA6AE4F126D}
		{0FC7FC94-93EA-4213-BF29-46F3FC681E38} = {08F508D9-E8A7-449F-B34E-3BA6AE4F126D}
		{56C48E7D-7E45-4B0F-B8C0-A41EDBFF9513} = {ACD07390-3869-4493-9B85-9EDD07DC1D4B}
		{703ACF5F-078D-4DFB-9BDE-41EF75D7B132} = {ACD07390-3869-4493-9B85-9EDD07DC1D4B}
		{57185514-34FD-4D7E-AC17-ABE86AB1BC4D} = {ACD07390-3869-4493-9B85-9EDD07DC1D4B}
		{482BBD2B-E4B8-4523-BF5C-CB55AE314CB6} = {08F508D9-E8A7-449F-B34E-3BA6AE4F126D}
	EndGlobalSection
	GlobalSection(ExtensibilityGlobals) = postSolution
		SolutionGuid = {BED3036E-2E6B-44E8-A5C6-7C4305BF6456}
	EndGlobalSection
EndGlobal
